
Microsoft Visual Studio Solution File, Format Version 12.00
# Visual Studio Version 17
VisualStudioVersion = 17.13.35605.110 d17.13
MinimumVisualStudioVersion = 10.0.40219.1
Project("{FAE04EC0-301F-11D3-BF4B-00C04F79EFBC}") = "Week3IfAndSwitch", "Week3IfAndSwitch\Week3IfAndSwitch.csproj", "{667B1DC3-D4A1-46C1-9570-27A27DA88ED8}"
EndProject
Project("{FAE04EC0-301F-11D3-BF4B-00C04F79EFBC}") = "OddOrEven", "OddOrEven\OddOrEven.csproj", "{2744B980-5C2F-46C1-A60A-D14758615DAB}"
EndProject
Project("{FAE04EC0-301F-11D3-BF4B-00C04F79EFBC}") = "IfDayOfTheWeek", "IfDayOfTheWeek\IfDayOfTheWeek.csproj", "{2860B507-5186-4EEC-898C-4829AF757EA0}"
EndProject
Project("{FAE04EC0-301F-11D3-BF4B-00C04F79EFBC}") = "SwitchDayOfTheWeek", "SwitchDayOfTheWeek\SwitchDayOfTheWeek.csproj", "{F912820B-7546-4DDA-8C9D-90F091C6BB84}"
EndProject
Global
	GlobalSection(SolutionConfigurationPlatforms) = preSolution
		Debug|Any CPU = Debug|Any CPU
		Release|Any CPU = Release|Any CPU
	EndGlobalSection
	GlobalSection(ProjectConfigurationPlatforms) = postSolution
		{667B1DC3-D4A1-46C1-9570-27A27DA88ED8}.Debug|Any CPU.ActiveCfg = Debug|Any CPU
		{667B1DC3-D4A1-46C1-9570-27A27DA88ED8}.Debug|Any CPU.Build.0 = Debug|Any CPU
		{667B1DC3-D4A1-46C1-9570-27A27DA88ED8}.Release|Any CPU.ActiveCfg = Release|Any CPU
		{667B1DC3-D4A1-46C1-9570-27A27DA88ED8}.Release|Any CPU.Build.0 = Release|Any CPU
		{2744B980-5C2F-46C1-A60A-D14758615DAB}.Debug|Any CPU.ActiveCfg = Debug|Any CPU
		{2744B980-5C2F-46C1-A60A-D14758615DAB}.Debug|Any CPU.Build.0 = Debug|Any CPU
		{2744B980-5C2F-46C1-A60A-D14758615DAB}.Release|Any CPU.ActiveCfg = Release|Any CPU
		{2744B980-5C2F-46C1-A60A-D14758615DAB}.Release|Any CPU.Build.0 = Release|Any CPU
		{2860B507-5186-4EEC-898C-4829AF757EA0}.Debug|Any CPU.ActiveCfg = Debug|Any CPU
		{2860B507-5186-4EEC-898C-4829AF757EA0}.Debug|Any CPU.Build.0 = Debug|Any CPU
		{2860B507-5186-4EEC-898C-4829AF757EA0}.Release|Any CPU.ActiveCfg = Release|Any CPU
		{2860B507-5186-4EEC-898C-4829AF757EA0}.Release|Any CPU.Build.0 = Release|Any CPU
		{F912820B-7546-4DDA-8C9D-90F091C6BB84}.Debug|Any CPU.ActiveCfg = Debug|Any CPU
		{F912820B-7546-4DDA-8C9D-90F091C6BB84}.Debug|Any CPU.Build.0 = Debug|Any CPU
		{F912820B-7546-4DDA-8C9D-90F091C6BB84}.Release|Any CPU.ActiveCfg = Release|Any CPU
		{F912820B-7546-4DDA-8C9D-90F091C6BB84}.Release|Any CPU.Build.0 = Release|Any CPU
	EndGlobalSection
	GlobalSection(SolutionProperties) = preSolution
		HideSolutionNode = FALSE
	EndGlobalSection
	GlobalSection(ExtensibilityGlobals) = postSolution
		SolutionGuid = {5F696656-B259-4C52-931F-ADB5FCF55698}
	EndGlobalSection
EndGlobal
